
Microsoft Visual Studio Solution File, Format Version 12.00
# Visual Studio 15
VisualStudioVersion = 15.0.28010.2003
MinimumVisualStudioVersion = 10.0.40219.1
Project("{FAE04EC0-301F-11D3-BF4B-00C04F79EFBC}") = "App1.Android", "App1\App1.Android\App1.Android.csproj", "{18E92C30-0E01-40B8-8CE9-8EF277D4AB1B}"
EndProject
Project("{FAE04EC0-301F-11D3-BF4B-00C04F79EFBC}") = "App1", "App1\App1\App1.csproj", "{CBF064E7-24A2-4CD7-BE0D-813F8E069961}"
EndProject
Global
	GlobalSection(SolutionConfigurationPlatforms) = preSolution
		Debug|Any CPU = Debug|Any CPU
		Release|Any CPU = Release|Any CPU
	EndGlobalSection
	GlobalSection(ProjectConfigurationPlatforms) = postSolution
		{18E92C30-0E01-40B8-8CE9-8EF277D4AB1B}.Debug|Any CPU.ActiveCfg = Debug|Any CPU
		{18E92C30-0E01-40B8-8CE9-8EF277D4AB1B}.Debug|Any CPU.Build.0 = Debug|Any CPU
		{18E92C30-0E01-40B8-8CE9-8EF277D4AB1B}.Debug|Any CPU.Deploy.0 = Debug|Any CPU
		{18E92C30-0E01-40B8-8CE9-8EF277D4AB1B}.Release|Any CPU.ActiveCfg = Release|Any CPU
		{18E92C30-0E01-40B8-8CE9-8EF277D4AB1B}.Release|Any CPU.Build.0 = Release|Any CPU
		{18E92C30-0E01-40B8-8CE9-8EF277D4AB1B}.Release|Any CPU.Deploy.0 = Release|Any CPU
		{CBF064E7-24A2-4CD7-BE0D-813F8E069961}.Debug|Any CPU.ActiveCfg = Debug|Any CPU
		{CBF064E7-24A2-4CD7-BE0D-813F8E069961}.Debug|Any CPU.Build.0 = Debug|Any CPU
		{CBF064E7-24A2-4CD7-BE0D-813F8E069961}.Debug|Any CPU.Deploy.0 = Debug|Any CPU
		{CBF064E7-24A2-4CD7-BE0D-813F8E069961}.Release|Any CPU.ActiveCfg = Release|Any CPU
		{CBF064E7-24A2-4CD7-BE0D-813F8E069961}.Release|Any CPU.Build.0 = Release|Any CPU
		{CBF064E7-24A2-4CD7-BE0D-813F8E069961}.Release|Any CPU.Deploy.0 = Release|Any CPU
	EndGlobalSection
	GlobalSection(SolutionProperties) = preSolution
		HideSolutionNode = FALSE
	EndGlobalSection
	GlobalSection(ExtensibilityGlobals) = postSolution
		SolutionGuid = {352D11F7-4DBF-4DAC-8513-1EB527249835}
	EndGlobalSection
EndGlobal
